
Microsoft Visual Studio Solution File, Format Version 12.00
# Visual Studio Version 17
VisualStudioVersion = 17.2.32616.157
MinimumVisualStudioVersion = 10.0.40219.1
Project("{9A19103F-16F7-4668-BE54-9A1E7A4F7556}") = "Entendo_Melhor_O_Funcionamento_De_Arrays", "Entendo_Melhor_O_Funcionamento_De_Arrays\Entendo_Melhor_O_Funcionamento_De_Arrays.csproj", "{853BCB1E-FEA8-406E-9240-D9F760216D4D}"
EndProject
Project("{9A19103F-16F7-4668-BE54-9A1E7A4F7556}") = "Entendo_Arrays", "Entendo_Arrays\Entendo_Arrays.csproj", "{AF4E2407-24C0-4516-A6E1-340DC3FD4936}"
EndProject
Project("{9A19103F-16F7-4668-BE54-9A1E7A4F7556}") = "Entendendo_Arrays_02", "Entendendo_Arrays_02\Entendendo_Arrays_02.csproj", "{FBFE37A8-AA16-45E1-96AC-1311E89FCD3E}"
EndProject
Project("{9A19103F-16F7-4668-BE54-9A1E7A4F7556}") = "Criando_Novos_Arrays_Create_Instance", "Criando_Novos_Arrays_Create_Instance\Criando_Novos_Arrays_Create_Instance.csproj", "{0E6ADC48-AF45-491F-89D9-E3BC994880E0}"
EndProject
Project("{9A19103F-16F7-4668-BE54-9A1E7A4F7556}") = "Comprando_Arrays_De_Objetos", "Comprando_Arrays_De_Objetos\Comprando_Arrays_De_Objetos.csproj", "{591845AF-5A2A-4A0A-BB67-A250C160F72B}"
EndProject
Project("{FAE04EC0-301F-11D3-BF4B-00C04F79EFBC}") = "IComparable_teste", "IComparable_teste\IComparable_teste.csproj", "{56AF23DD-C8CF-4A96-BABE-20C0E33799DC}"
EndProject
Project("{FAE04EC0-301F-11D3-BF4B-00C04F79EFBC}") = "ICompare_teste", "ICompare_teste\ICompare_teste.csproj", "{1A217F88-52C6-4DB4-8A48-5F5D47E7F5A6}"
EndProject
Global
	GlobalSection(SolutionConfigurationPlatforms) = preSolution
		Debug|Any CPU = Debug|Any CPU
		Release|Any CPU = Release|Any CPU
	EndGlobalSection
	GlobalSection(ProjectConfigurationPlatforms) = postSolution
		{853BCB1E-FEA8-406E-9240-D9F760216D4D}.Debug|Any CPU.ActiveCfg = Debug|Any CPU
		{853BCB1E-FEA8-406E-9240-D9F760216D4D}.Debug|Any CPU.Build.0 = Debug|Any CPU
		{853BCB1E-FEA8-406E-9240-D9F760216D4D}.Release|Any CPU.ActiveCfg = Release|Any CPU
		{853BCB1E-FEA8-406E-9240-D9F760216D4D}.Release|Any CPU.Build.0 = Release|Any CPU
		{AF4E2407-24C0-4516-A6E1-340DC3FD4936}.Debug|Any CPU.ActiveCfg = Debug|Any CPU
		{AF4E2407-24C0-4516-A6E1-340DC3FD4936}.Debug|Any CPU.Build.0 = Debug|Any CPU
		{AF4E2407-24C0-4516-A6E1-340DC3FD4936}.Release|Any CPU.ActiveCfg = Release|Any CPU
		{AF4E2407-24C0-4516-A6E1-340DC3FD4936}.Release|Any CPU.Build.0 = Release|Any CPU
		{FBFE37A8-AA16-45E1-96AC-1311E89FCD3E}.Debug|Any CPU.ActiveCfg = Debug|Any CPU
		{FBFE37A8-AA16-45E1-96AC-1311E89FCD3E}.Debug|Any CPU.Build.0 = Debug|Any CPU
		{FBFE37A8-AA16-45E1-96AC-1311E89FCD3E}.Release|Any CPU.ActiveCfg = Release|Any CPU
		{FBFE37A8-AA16-45E1-96AC-1311E89FCD3E}.Release|Any CPU.Build.0 = Release|Any CPU
		{0E6ADC48-AF45-491F-89D9-E3BC994880E0}.Debug|Any CPU.ActiveCfg = Debug|Any CPU
		{0E6ADC48-AF45-491F-89D9-E3BC994880E0}.Debug|Any CPU.Build.0 = Debug|Any CPU
		{0E6ADC48-AF45-491F-89D9-E3BC994880E0}.Release|Any CPU.ActiveCfg = Release|Any CPU
		{0E6ADC48-AF45-491F-89D9-E3BC994880E0}.Release|Any CPU.Build.0 = Release|Any CPU
		{591845AF-5A2A-4A0A-BB67-A250C160F72B}.Debug|Any CPU.ActiveCfg = Debug|Any CPU
		{591845AF-5A2A-4A0A-BB67-A250C160F72B}.Debug|Any CPU.Build.0 = Debug|Any CPU
		{591845AF-5A2A-4A0A-BB67-A250C160F72B}.Release|Any CPU.ActiveCfg = Release|Any CPU
		{591845AF-5A2A-4A0A-BB67-A250C160F72B}.Release|Any CPU.Build.0 = Release|Any CPU
		{56AF23DD-C8CF-4A96-BABE-20C0E33799DC}.Debug|Any CPU.ActiveCfg = Debug|Any CPU
		{56AF23DD-C8CF-4A96-BABE-20C0E33799DC}.Debug|Any CPU.Build.0 = Debug|Any CPU
		{56AF23DD-C8CF-4A96-BABE-20C0E33799DC}.Release|Any CPU.ActiveCfg = Release|Any CPU
		{56AF23DD-C8CF-4A96-BABE-20C0E33799DC}.Release|Any CPU.Build.0 = Release|Any CPU
		{1A217F88-52C6-4DB4-8A48-5F5D47E7F5A6}.Debug|Any CPU.ActiveCfg = Debug|Any CPU
		{1A217F88-52C6-4DB4-8A48-5F5D47E7F5A6}.Debug|Any CPU.Build.0 = Debug|Any CPU
		{1A217F88-52C6-4DB4-8A48-5F5D47E7F5A6}.Release|Any CPU.ActiveCfg = Release|Any CPU
		{1A217F88-52C6-4DB4-8A48-5F5D47E7F5A6}.Release|Any CPU.Build.0 = Release|Any CPU
	EndGlobalSection
	GlobalSection(SolutionProperties) = preSolution
		HideSolutionNode = FALSE
	EndGlobalSection
	GlobalSection(ExtensibilityGlobals) = postSolution
		SolutionGuid = {AEA0EAD0-5196-4D2B-89C1-73A321143938}
	EndGlobalSection
EndGlobal
