
Microsoft Visual Studio Solution File, Format Version 12.00
# Visual Studio Version 17
VisualStudioVersion = 17.2.32616.157
MinimumVisualStudioVersion = 10.0.40219.1
Project("{FAE04EC0-301F-11D3-BF4B-00C04F79EFBC}") = "EntendoDLLs", "EntendoDLLs\EntendoDLLs.csproj", "{F8588CE7-A918-4F86-9E2B-84333036B5B6}"
EndProject
Global
	GlobalSection(SolutionConfigurationPlatforms) = preSolution
		Debug|Any CPU = Debug|Any CPU
		Release|Any CPU = Release|Any CPU
	EndGlobalSection
	GlobalSection(ProjectConfigurationPlatforms) = postSolution
		{F8588CE7-A918-4F86-9E2B-84333036B5B6}.Debug|Any CPU.ActiveCfg = Release|Any CPU
		{F8588CE7-A918-4F86-9E2B-84333036B5B6}.Debug|Any CPU.Build.0 = Release|Any CPU
		{F8588CE7-A918-4F86-9E2B-84333036B5B6}.Release|Any CPU.ActiveCfg = Release|Any CPU
		{F8588CE7-A918-4F86-9E2B-84333036B5B6}.Release|Any CPU.Build.0 = Release|Any CPU
	EndGlobalSection
	GlobalSection(SolutionProperties) = preSolution
		HideSolutionNode = FALSE
	EndGlobalSection
	GlobalSection(ExtensibilityGlobals) = postSolution
		SolutionGuid = {CBD8261D-8856-4DA7-9B09-1EF670E9D650}
	EndGlobalSection
EndGlobal
